
Microsoft Visual Studio Solution File, Format Version 12.00
# Visual Studio Version 17
VisualStudioVersion = 17.9.34616.47
MinimumVisualStudioVersion = 10.0.40219.1
Project("{FAE04EC0-301F-11D3-BF4B-00C04F79EFBC}") = "ConsoleApp6", "ConsoleApp6\ConsoleApp6.csproj", "{C4619450-9779-452C-B04A-916D3F8FB8BC}"
EndProject
Global
	GlobalSection(SolutionConfigurationPlatforms) = preSolution
		Debug|Any CPU = Debug|Any CPU
		Release|Any CPU = Release|Any CPU
	EndGlobalSection
	GlobalSection(ProjectConfigurationPlatforms) = postSolution
		{C4619450-9779-452C-B04A-916D3F8FB8BC}.Debug|Any CPU.ActiveCfg = Debug|Any CPU
		{C4619450-9779-452C-B04A-916D3F8FB8BC}.Debug|Any CPU.Build.0 = Debug|Any CPU
		{C4619450-9779-452C-B04A-916D3F8FB8BC}.Release|Any CPU.ActiveCfg = Release|Any CPU
		{C4619450-9779-452C-B04A-916D3F8FB8BC}.Release|Any CPU.Build.0 = Release|Any CPU
	EndGlobalSection
	GlobalSection(SolutionProperties) = preSolution
		HideSolutionNode = FALSE
	EndGlobalSection
	GlobalSection(ExtensibilityGlobals) = postSolution
		SolutionGuid = {D5EEA1FE-2285-4FBE-8507-5B35BE248053}
	EndGlobalSection
EndGlobal
